// !$*UTF8*$!
{
	archiveVersion = 1;
	classes = {
	};
	objectVersion = 46;
	objects = {

/* Begin PBXBuildFile section */
		070F4FB01CA0E411004F77C1 /* MySetsTableViewController.swift in Sources */ = {isa = PBXBuildFile; fileRef = 070F4FAF1CA0E411004F77C1 /* MySetsTableViewController.swift */; };
		070F4FB61CA0FBC7004F77C1 /* User.swift in Sources */ = {isa = PBXBuildFile; fileRef = 070F4FB51CA0FBC7004F77C1 /* User.swift */; };
		070F4FB81CA0FC98004F77C1 /* CardSet.swift in Sources */ = {isa = PBXBuildFile; fileRef = 070F4FB71CA0FC98004F77C1 /* CardSet.swift */; };
		070F4FBA1CA0FD0D004F77C1 /* Card.swift in Sources */ = {isa = PBXBuildFile; fileRef = 070F4FB91CA0FD0D004F77C1 /* Card.swift */; };
		070F4FBC1CA10081004F77C1 /* DataModel.swift in Sources */ = {isa = PBXBuildFile; fileRef = 070F4FBB1CA10081004F77C1 /* DataModel.swift */; };
		070F4FC01CA10BB5004F77C1 /* SetTableViewController.swift in Sources */ = {isa = PBXBuildFile; fileRef = 070F4FBF1CA10BB5004F77C1 /* SetTableViewController.swift */; };
		070F4FC21CA10E50004F77C1 /* EditSetTableViewController.swift in Sources */ = {isa = PBXBuildFile; fileRef = 070F4FC11CA10E50004F77C1 /* EditSetTableViewController.swift */; };
		071DEBFF1CDA472D00B49791 /* blue.png in Resources */ = {isa = PBXBuildFile; fileRef = 071DEBFA1CDA472D00B49791 /* blue.png */; };
		071DEC001CDA472D00B49791 /* black.png in Resources */ = {isa = PBXBuildFile; fileRef = 071DEBFB1CDA472D00B49791 /* black.png */; };
		071DEC011CDA472D00B49791 /* pioc-11.png in Resources */ = {isa = PBXBuildFile; fileRef = 071DEBFC1CDA472D00B49791 /* pioc-11.png */; };
		071DEC021CDA472D00B49791 /* red.png in Resources */ = {isa = PBXBuildFile; fileRef = 071DEBFD1CDA472D00B49791 /* red.png */; };
		071DEC031CDA472D00B49791 /* green.png in Resources */ = {isa = PBXBuildFile; fileRef = 071DEBFE1CDA472D00B49791 /* green.png */; };
		071DEC071CDA50CA00B49791 /* draw.png in Resources */ = {isa = PBXBuildFile; fileRef = 071DEC061CDA50CA00B49791 /* draw.png */; };
		071DEC091CDA51DE00B49791 /* pattern-16.png in Resources */ = {isa = PBXBuildFile; fileRef = 071DEC081CDA51DE00B49791 /* pattern-16.png */; };
		071DEC0C1CDA52DB00B49791 /* add.png in Resources */ = {isa = PBXBuildFile; fileRef = 071DEC0A1CDA52DB00B49791 /* add.png */; };
		071DEC0D1CDA52DB00B49791 /* add_blk.png in Resources */ = {isa = PBXBuildFile; fileRef = 071DEC0B1CDA52DB00B49791 /* add_blk.png */; };
		072DB80C1CDBE2C700023DC4 /* check.png in Resources */ = {isa = PBXBuildFile; fileRef = 072DB80A1CDBE2C700023DC4 /* check.png */; };
		072DB80D1CDBE2C700023DC4 /* x.png in Resources */ = {isa = PBXBuildFile; fileRef = 072DB80B1CDBE2C700023DC4 /* x.png */; };
		072DB80F1CDBF80D00023DC4 /* NewDrawViewController.swift in Sources */ = {isa = PBXBuildFile; fileRef = 072DB80E1CDBF80D00023DC4 /* NewDrawViewController.swift */; };
		072DB8141CDC15A900023DC4 /* iTunesArtwork.png in Resources */ = {isa = PBXBuildFile; fileRef = 072DB8121CDC15A900023DC4 /* iTunesArtwork.png */; };
		072DB8151CDC15A900023DC4 /* iTunesArtwork@2x.png in Resources */ = {isa = PBXBuildFile; fileRef = 072DB8131CDC15A900023DC4 /* iTunesArtwork@2x.png */; };
		072DB8171CDC15EC00023DC4 /* icon.png in Resources */ = {isa = PBXBuildFile; fileRef = 072DB8161CDC15EC00023DC4 /* icon.png */; };
		076A40701CC6BD1E00BF936B /* SetTableViewCell.swift in Sources */ = {isa = PBXBuildFile; fileRef = 076A406F1CC6BD1E00BF936B /* SetTableViewCell.swift */; };
		077D994D1CA3694E0052A853 /* turtle.jpg in Resources */ = {isa = PBXBuildFile; fileRef = 077D994C1CA3694E0052A853 /* turtle.jpg */; };
		07A82E151CA36F3B00D2804B /* NavigationViewController.swift in Sources */ = {isa = PBXBuildFile; fileRef = 07A82E141CA36F3B00D2804B /* NavigationViewController.swift */; };
		07A82E171CA377DD00D2804B /* pic-04.png in Resources */ = {isa = PBXBuildFile; fileRef = 07A82E161CA377DD00D2804B /* pic-04.png */; };
		07B624DA1CD83CC3006AD3B9 /* DrawViewController.swift in Sources */ = {isa = PBXBuildFile; fileRef = 07B624D91CD83CC3006AD3B9 /* DrawViewController.swift */; };
		07B624DE1CD97949006AD3B9 /* EditImageViewController.swift in Sources */ = {isa = PBXBuildFile; fileRef = 07B624DD1CD97949006AD3B9 /* EditImageViewController.swift */; };
		07B8E8121CB41F7F00ACEC65 /* ReviewSetCollectionViewController.swift in Sources */ = {isa = PBXBuildFile; fileRef = 07B8E8111CB41F7F00ACEC65 /* ReviewSetCollectionViewController.swift */; };
		07B8E8141CB4275E00ACEC65 /* ReviewCollectionViewCell.swift in Sources */ = {isa = PBXBuildFile; fileRef = 07B8E8131CB4275E00ACEC65 /* ReviewCollectionViewCell.swift */; };
		07B8E8181CB5920400ACEC65 /* NewSetTableViewCell.swift in Sources */ = {isa = PBXBuildFile; fileRef = 07B8E8171CB5920400ACEC65 /* NewSetTableViewCell.swift */; };
		07D7D91C1CAA064700C2FF13 /* EditSetTableViewCell.swift in Sources */ = {isa = PBXBuildFile; fileRef = 07D7D91B1CAA064700C2FF13 /* EditSetTableViewCell.swift */; };
		07D7D91E1CADA31400C2FF13 /* NewSetTableViewController.swift in Sources */ = {isa = PBXBuildFile; fileRef = 07D7D91D1CADA31400C2FF13 /* NewSetTableViewController.swift */; };
		4D25C7B81CDA69B10003CB70 /* PracticeController.swift in Sources */ = {isa = PBXBuildFile; fileRef = 4D25C7B71CDA69B10003CB70 /* PracticeController.swift */; };
		4D25C7BA1CDA69BD0003CB70 /* PracticeCell.swift in Sources */ = {isa = PBXBuildFile; fileRef = 4D25C7B91CDA69BD0003CB70 /* PracticeCell.swift */; };
		4D25C7BC1CDA8EA70003CB70 /* PracticeDrawViewController.swift in Sources */ = {isa = PBXBuildFile; fileRef = 4D25C7BB1CDA8EA70003CB70 /* PracticeDrawViewController.swift */; };
		6050C2B01CD9DBEE0076BA36 /* TestCollectionViewCell.swift in Sources */ = {isa = PBXBuildFile; fileRef = 6050C2AF1CD9DBEE0076BA36 /* TestCollectionViewCell.swift */; };
		6050C2B21CD9DC0A0076BA36 /* TestSetCollectionViewController.swift in Sources */ = {isa = PBXBuildFile; fileRef = 6050C2B11CD9DC0A0076BA36 /* TestSetCollectionViewController.swift */; };
		6068AF9C1CA355FF00BD1631 /* SettingsViewController.swift in Sources */ = {isa = PBXBuildFile; fileRef = 6068AF9B1CA355FF00BD1631 /* SettingsViewController.swift */; };
		6068AF9E1CA358E800BD1631 /* ProfileViewController.swift in Sources */ = {isa = PBXBuildFile; fileRef = 6068AF9D1CA358E800BD1631 /* ProfileViewController.swift */; };
		60B8EB8D1CDAA3160051E413 /* TestDrawViewController.swift in Sources */ = {isa = PBXBuildFile; fileRef = 60B8EB8C1CDAA3160051E413 /* TestDrawViewController.swift */; };
		60B8EB8F1CDAAB170051E413 /* ResultsViewController.swift in Sources */ = {isa = PBXBuildFile; fileRef = 60B8EB8E1CDAAB170051E413 /* ResultsViewController.swift */; };
		7E9192232B748AF4DD00BB7D /* Pods.framework in Frameworks */ = {isa = PBXBuildFile; fileRef = 9F7C43203D6F0E2F2ED33842 /* Pods.framework */; };
		B5B17F451C8CE15100DAF08B /* AppDelegate.swift in Sources */ = {isa = PBXBuildFile; fileRef = B5B17F441C8CE15100DAF08B /* AppDelegate.swift */; };
		B5B17F471C8CE15100DAF08B /* ViewController.swift in Sources */ = {isa = PBXBuildFile; fileRef = B5B17F461C8CE15100DAF08B /* ViewController.swift */; };
		B5B17F4A1C8CE15100DAF08B /* Main.storyboard in Resources */ = {isa = PBXBuildFile; fileRef = B5B17F481C8CE15100DAF08B /* Main.storyboard */; };
		B5B17F4D1C8CE15100DAF08B /* project.xcdatamodeld in Sources */ = {isa = PBXBuildFile; fileRef = B5B17F4B1C8CE15100DAF08B /* project.xcdatamodeld */; };
		B5B17F4F1C8CE15100DAF08B /* Assets.xcassets in Resources */ = {isa = PBXBuildFile; fileRef = B5B17F4E1C8CE15100DAF08B /* Assets.xcassets */; };
		B5B17F521C8CE15100DAF08B /* LaunchScreen.storyboard in Resources */ = {isa = PBXBuildFile; fileRef = B5B17F501C8CE15100DAF08B /* LaunchScreen.storyboard */; };
		B5B17F5A1C8CE43C00DAF08B /* HomeViewController.swift in Sources */ = {isa = PBXBuildFile; fileRef = B5B17F591C8CE43C00DAF08B /* HomeViewController.swift */; };
		B5B17F5C1C8CE44C00DAF08B /* CreateAccountViewController.swift in Sources */ = {isa = PBXBuildFile; fileRef = B5B17F5B1C8CE44C00DAF08B /* CreateAccountViewController.swift */; };
/* End PBXBuildFile section */

/* Begin PBXFileReference section */
		070F4FAF1CA0E411004F77C1 /* MySetsTableViewController.swift */ = {isa = PBXFileReference; fileEncoding = 4; lastKnownFileType = sourcecode.swift; path = MySetsTableViewController.swift; sourceTree = "<group>"; };
		070F4FB51CA0FBC7004F77C1 /* User.swift */ = {isa = PBXFileReference; fileEncoding = 4; lastKnownFileType = sourcecode.swift; path = User.swift; sourceTree = "<group>"; };
		070F4FB71CA0FC98004F77C1 /* CardSet.swift */ = {isa = PBXFileReference; fileEncoding = 4; lastKnownFileType = sourcecode.swift; path = CardSet.swift; sourceTree = "<group>"; };
		070F4FB91CA0FD0D004F77C1 /* Card.swift */ = {isa = PBXFileReference; fileEncoding = 4; lastKnownFileType = sourcecode.swift; path = Card.swift; sourceTree = "<group>"; };
		070F4FBB1CA10081004F77C1 /* DataModel.swift */ = {isa = PBXFileReference; fileEncoding = 4; lastKnownFileType = sourcecode.swift; path = DataModel.swift; sourceTree = "<group>"; };
		070F4FBF1CA10BB5004F77C1 /* SetTableViewController.swift */ = {isa = PBXFileReference; fileEncoding = 4; lastKnownFileType = sourcecode.swift; path = SetTableViewController.swift; sourceTree = "<group>"; };
		070F4FC11CA10E50004F77C1 /* EditSetTableViewController.swift */ = {isa = PBXFileReference; fileEncoding = 4; lastKnownFileType = sourcecode.swift; path = EditSetTableViewController.swift; sourceTree = "<group>"; };
		071DEBFA1CDA472D00B49791 /* blue.png */ = {isa = PBXFileReference; lastKnownFileType = image.png; path = blue.png; sourceTree = "<group>"; };
		071DEBFB1CDA472D00B49791 /* black.png */ = {isa = PBXFileReference; lastKnownFileType = image.png; path = black.png; sourceTree = "<group>"; };
		071DEBFC1CDA472D00B49791 /* pioc-11.png */ = {isa = PBXFileReference; lastKnownFileType = image.png; path = "pioc-11.png"; sourceTree = "<group>"; };
		071DEBFD1CDA472D00B49791 /* red.png */ = {isa = PBXFileReference; lastKnownFileType = image.png; path = red.png; sourceTree = "<group>"; };
		071DEBFE1CDA472D00B49791 /* green.png */ = {isa = PBXFileReference; lastKnownFileType = image.png; path = green.png; sourceTree = "<group>"; };
		071DEC061CDA50CA00B49791 /* draw.png */ = {isa = PBXFileReference; lastKnownFileType = image.png; path = draw.png; sourceTree = "<group>"; };
		071DEC081CDA51DE00B49791 /* pattern-16.png */ = {isa = PBXFileReference; lastKnownFileType = image.png; path = "pattern-16.png"; sourceTree = "<group>"; };
		071DEC0A1CDA52DB00B49791 /* add.png */ = {isa = PBXFileReference; lastKnownFileType = image.png; path = add.png; sourceTree = "<group>"; };
		071DEC0B1CDA52DB00B49791 /* add_blk.png */ = {isa = PBXFileReference; lastKnownFileType = image.png; path = add_blk.png; sourceTree = "<group>"; };
		072DB80A1CDBE2C700023DC4 /* check.png */ = {isa = PBXFileReference; lastKnownFileType = image.png; path = check.png; sourceTree = "<group>"; };
		072DB80B1CDBE2C700023DC4 /* x.png */ = {isa = PBXFileReference; lastKnownFileType = image.png; path = x.png; sourceTree = "<group>"; };
		072DB80E1CDBF80D00023DC4 /* NewDrawViewController.swift */ = {isa = PBXFileReference; fileEncoding = 4; lastKnownFileType = sourcecode.swift; path = NewDrawViewController.swift; sourceTree = "<group>"; };
		072DB8121CDC15A900023DC4 /* iTunesArtwork.png */ = {isa = PBXFileReference; lastKnownFileType = image.png; path = iTunesArtwork.png; sourceTree = "<group>"; };
		072DB8131CDC15A900023DC4 /* iTunesArtwork@2x.png */ = {isa = PBXFileReference; lastKnownFileType = image.png; path = "iTunesArtwork@2x.png"; sourceTree = "<group>"; };
		072DB8161CDC15EC00023DC4 /* icon.png */ = {isa = PBXFileReference; lastKnownFileType = image.png; path = icon.png; sourceTree = "<group>"; };
		076A406F1CC6BD1E00BF936B /* SetTableViewCell.swift */ = {isa = PBXFileReference; fileEncoding = 4; lastKnownFileType = sourcecode.swift; path = SetTableViewCell.swift; sourceTree = "<group>"; };
		077D994C1CA3694E0052A853 /* turtle.jpg */ = {isa = PBXFileReference; lastKnownFileType = image.jpeg; path = turtle.jpg; sourceTree = "<group>"; };
		07A82E141CA36F3B00D2804B /* NavigationViewController.swift */ = {isa = PBXFileReference; fileEncoding = 4; lastKnownFileType = sourcecode.swift; path = NavigationViewController.swift; sourceTree = "<group>"; };
		07A82E161CA377DD00D2804B /* pic-04.png */ = {isa = PBXFileReference; lastKnownFileType = image.png; path = "pic-04.png"; sourceTree = "<group>"; };
		07B624D91CD83CC3006AD3B9 /* DrawViewController.swift */ = {isa = PBXFileReference; fileEncoding = 4; lastKnownFileType = sourcecode.swift; path = DrawViewController.swift; sourceTree = "<group>"; };
		07B624DD1CD97949006AD3B9 /* EditImageViewController.swift */ = {isa = PBXFileReference; fileEncoding = 4; lastKnownFileType = sourcecode.swift; path = EditImageViewController.swift; sourceTree = "<group>"; };
		07B8E8111CB41F7F00ACEC65 /* ReviewSetCollectionViewController.swift */ = {isa = PBXFileReference; fileEncoding = 4; lastKnownFileType = sourcecode.swift; path = ReviewSetCollectionViewController.swift; sourceTree = "<group>"; };
		07B8E8131CB4275E00ACEC65 /* ReviewCollectionViewCell.swift */ = {isa = PBXFileReference; fileEncoding = 4; lastKnownFileType = sourcecode.swift; path = ReviewCollectionViewCell.swift; sourceTree = "<group>"; };
		07B8E8171CB5920400ACEC65 /* NewSetTableViewCell.swift */ = {isa = PBXFileReference; fileEncoding = 4; lastKnownFileType = sourcecode.swift; path = NewSetTableViewCell.swift; sourceTree = "<group>"; };
		07D7D91B1CAA064700C2FF13 /* EditSetTableViewCell.swift */ = {isa = PBXFileReference; fileEncoding = 4; lastKnownFileType = sourcecode.swift; path = EditSetTableViewCell.swift; sourceTree = "<group>"; };
		07D7D91D1CADA31400C2FF13 /* NewSetTableViewController.swift */ = {isa = PBXFileReference; fileEncoding = 4; lastKnownFileType = sourcecode.swift; path = NewSetTableViewController.swift; sourceTree = "<group>"; };
		4D25C7B71CDA69B10003CB70 /* PracticeController.swift */ = {isa = PBXFileReference; fileEncoding = 4; lastKnownFileType = sourcecode.swift; path = PracticeController.swift; sourceTree = "<group>"; };
		4D25C7B91CDA69BD0003CB70 /* PracticeCell.swift */ = {isa = PBXFileReference; fileEncoding = 4; lastKnownFileType = sourcecode.swift; path = PracticeCell.swift; sourceTree = "<group>"; };
		4D25C7BB1CDA8EA70003CB70 /* PracticeDrawViewController.swift */ = {isa = PBXFileReference; fileEncoding = 4; lastKnownFileType = sourcecode.swift; path = PracticeDrawViewController.swift; sourceTree = "<group>"; };
		6050C2AF1CD9DBEE0076BA36 /* TestCollectionViewCell.swift */ = {isa = PBXFileReference; fileEncoding = 4; lastKnownFileType = sourcecode.swift; path = TestCollectionViewCell.swift; sourceTree = "<group>"; };
		6050C2B11CD9DC0A0076BA36 /* TestSetCollectionViewController.swift */ = {isa = PBXFileReference; fileEncoding = 4; lastKnownFileType = sourcecode.swift; path = TestSetCollectionViewController.swift; sourceTree = "<group>"; };
		6068AF9B1CA355FF00BD1631 /* SettingsViewController.swift */ = {isa = PBXFileReference; fileEncoding = 4; lastKnownFileType = sourcecode.swift; path = SettingsViewController.swift; sourceTree = "<group>"; };
		6068AF9D1CA358E800BD1631 /* ProfileViewController.swift */ = {isa = PBXFileReference; fileEncoding = 4; lastKnownFileType = sourcecode.swift; path = ProfileViewController.swift; sourceTree = "<group>"; };
		60B8EB8C1CDAA3160051E413 /* TestDrawViewController.swift */ = {isa = PBXFileReference; fileEncoding = 4; lastKnownFileType = sourcecode.swift; path = TestDrawViewController.swift; sourceTree = "<group>"; };
		60B8EB8E1CDAAB170051E413 /* ResultsViewController.swift */ = {isa = PBXFileReference; fileEncoding = 4; lastKnownFileType = sourcecode.swift; path = ResultsViewController.swift; sourceTree = "<group>"; };
		9F7C43203D6F0E2F2ED33842 /* Pods.framework */ = {isa = PBXFileReference; explicitFileType = wrapper.framework; includeInIndex = 0; path = Pods.framework; sourceTree = BUILT_PRODUCTS_DIR; };
		B5B17F411C8CE15100DAF08B /* project.app */ = {isa = PBXFileReference; explicitFileType = wrapper.application; includeInIndex = 0; path = project.app; sourceTree = BUILT_PRODUCTS_DIR; };
		B5B17F441C8CE15100DAF08B /* AppDelegate.swift */ = {isa = PBXFileReference; lastKnownFileType = sourcecode.swift; path = AppDelegate.swift; sourceTree = "<group>"; };
		B5B17F461C8CE15100DAF08B /* ViewController.swift */ = {isa = PBXFileReference; lastKnownFileType = sourcecode.swift; path = ViewController.swift; sourceTree = "<group>"; };
		B5B17F491C8CE15100DAF08B /* Base */ = {isa = PBXFileReference; lastKnownFileType = file.storyboard; name = Base; path = Base.lproj/Main.storyboard; sourceTree = "<group>"; };
		B5B17F4C1C8CE15100DAF08B /* project.xcdatamodel */ = {isa = PBXFileReference; lastKnownFileType = wrapper.xcdatamodel; path = project.xcdatamodel; sourceTree = "<group>"; };
		B5B17F4E1C8CE15100DAF08B /* Assets.xcassets */ = {isa = PBXFileReference; lastKnownFileType = folder.assetcatalog; path = Assets.xcassets; sourceTree = "<group>"; };
		B5B17F511C8CE15100DAF08B /* Base */ = {isa = PBXFileReference; lastKnownFileType = file.storyboard; name = Base; path = Base.lproj/LaunchScreen.storyboard; sourceTree = "<group>"; };
		B5B17F531C8CE15100DAF08B /* Info.plist */ = {isa = PBXFileReference; lastKnownFileType = text.plist.xml; path = Info.plist; sourceTree = "<group>"; };
		B5B17F591C8CE43C00DAF08B /* HomeViewController.swift */ = {isa = PBXFileReference; fileEncoding = 4; lastKnownFileType = sourcecode.swift; path = HomeViewController.swift; sourceTree = "<group>"; };
		B5B17F5B1C8CE44C00DAF08B /* CreateAccountViewController.swift */ = {isa = PBXFileReference; fileEncoding = 4; lastKnownFileType = sourcecode.swift; path = CreateAccountViewController.swift; sourceTree = "<group>"; };
		C7049D56429E1F442D2BBFC3 /* Pods.release.xcconfig */ = {isa = PBXFileReference; includeInIndex = 1; lastKnownFileType = text.xcconfig; name = Pods.release.xcconfig; path = "Pods/Target Support Files/Pods/Pods.release.xcconfig"; sourceTree = "<group>"; };
		F16AB7B269D86BADB20045F4 /* Pods.debug.xcconfig */ = {isa = PBXFileReference; includeInIndex = 1; lastKnownFileType = text.xcconfig; name = Pods.debug.xcconfig; path = "Pods/Target Support Files/Pods/Pods.debug.xcconfig"; sourceTree = "<group>"; };
/* End PBXFileReference section */

/* Begin PBXFrameworksBuildPhase section */
		B5B17F3E1C8CE15100DAF08B /* Frameworks */ = {
			isa = PBXFrameworksBuildPhase;
			buildActionMask = 2147483647;
			files = (
				7E9192232B748AF4DD00BB7D /* Pods.framework in Frameworks */,
			);
			runOnlyForDeploymentPostprocessing = 0;
		};
/* End PBXFrameworksBuildPhase section */

/* Begin PBXGroup section */
		072DB8101CDC15A900023DC4 /* Assets */ = {
			isa = PBXGroup;
			children = (
				072DB8111CDC15A900023DC4 /* App Icon */,
			);
			path = Assets;
			sourceTree = "<group>";
		};
		072DB8111CDC15A900023DC4 /* App Icon */ = {
			isa = PBXGroup;
			children = (
				072DB8121CDC15A900023DC4 /* iTunesArtwork.png */,
				072DB8131CDC15A900023DC4 /* iTunesArtwork@2x.png */,
			);
			path = "App Icon";
			sourceTree = "<group>";
		};
		077D994B1CA3694E0052A853 /* images */ = {
			isa = PBXGroup;
			children = (
				072DB8161CDC15EC00023DC4 /* icon.png */,
				072DB80A1CDBE2C700023DC4 /* check.png */,
				072DB80B1CDBE2C700023DC4 /* x.png */,
				071DEC0A1CDA52DB00B49791 /* add.png */,
				071DEC0B1CDA52DB00B49791 /* add_blk.png */,
				071DEC081CDA51DE00B49791 /* pattern-16.png */,
				071DEC061CDA50CA00B49791 /* draw.png */,
				071DEBFA1CDA472D00B49791 /* blue.png */,
				071DEBFB1CDA472D00B49791 /* black.png */,
				071DEBFC1CDA472D00B49791 /* pioc-11.png */,
				071DEBFD1CDA472D00B49791 /* red.png */,
				071DEBFE1CDA472D00B49791 /* green.png */,
				07A82E161CA377DD00D2804B /* pic-04.png */,
				077D994C1CA3694E0052A853 /* turtle.jpg */,
			);
			path = images;
			sourceTree = "<group>";
		};
		B5B17F381C8CE15100DAF08B = {
			isa = PBXGroup;
			children = (
				B5B17F431C8CE15100DAF08B /* project */,
				B5B17F421C8CE15100DAF08B /* Products */,
				D361E4910761521563334E8B /* Pods */,
				F9D964DA4583EAA0241168BB /* Frameworks */,
			);
			sourceTree = "<group>";
		};
		B5B17F421C8CE15100DAF08B /* Products */ = {
			isa = PBXGroup;
			children = (
				B5B17F411C8CE15100DAF08B /* project.app */,
			);
			name = Products;
			sourceTree = "<group>";
		};
		B5B17F431C8CE15100DAF08B /* project */ = {
			isa = PBXGroup;
			children = (
				072DB8101CDC15A900023DC4 /* Assets */,
				B5B17F441C8CE15100DAF08B /* AppDelegate.swift */,
				B5B17F461C8CE15100DAF08B /* ViewController.swift */,
				B5B17F591C8CE43C00DAF08B /* HomeViewController.swift */,
				B5B17F5B1C8CE44C00DAF08B /* CreateAccountViewController.swift */,
				B5B17F481C8CE15100DAF08B /* Main.storyboard */,
				B5B17F4E1C8CE15100DAF08B /* Assets.xcassets */,
				B5B17F501C8CE15100DAF08B /* LaunchScreen.storyboard */,
				077D994B1CA3694E0052A853 /* images */,
				B5B17F531C8CE15100DAF08B /* Info.plist */,
				B5B17F4B1C8CE15100DAF08B /* project.xcdatamodeld */,
				6068AF9B1CA355FF00BD1631 /* SettingsViewController.swift */,
				6068AF9D1CA358E800BD1631 /* ProfileViewController.swift */,
				070F4FB51CA0FBC7004F77C1 /* User.swift */,
				070F4FB71CA0FC98004F77C1 /* CardSet.swift */,
				070F4FB91CA0FD0D004F77C1 /* Card.swift */,
				070F4FBB1CA10081004F77C1 /* DataModel.swift */,
				07A82E141CA36F3B00D2804B /* NavigationViewController.swift */,
				070F4FAF1CA0E411004F77C1 /* MySetsTableViewController.swift */,
				070F4FBF1CA10BB5004F77C1 /* SetTableViewController.swift */,
				076A406F1CC6BD1E00BF936B /* SetTableViewCell.swift */,
				070F4FC11CA10E50004F77C1 /* EditSetTableViewController.swift */,
				07D7D91B1CAA064700C2FF13 /* EditSetTableViewCell.swift */,
				07B8E8171CB5920400ACEC65 /* NewSetTableViewCell.swift */,
				07D7D91D1CADA31400C2FF13 /* NewSetTableViewController.swift */,
				072DB80E1CDBF80D00023DC4 /* NewDrawViewController.swift */,
				07B624D91CD83CC3006AD3B9 /* DrawViewController.swift */,
				4D25C7BB1CDA8EA70003CB70 /* PracticeDrawViewController.swift */,
				60B8EB8C1CDAA3160051E413 /* TestDrawViewController.swift */,
				07B8E8111CB41F7F00ACEC65 /* ReviewSetCollectionViewController.swift */,
				07B8E8131CB4275E00ACEC65 /* ReviewCollectionViewCell.swift */,
				07B624DD1CD97949006AD3B9 /* EditImageViewController.swift */,
				6050C2B11CD9DC0A0076BA36 /* TestSetCollectionViewController.swift */,
				6050C2AF1CD9DBEE0076BA36 /* TestCollectionViewCell.swift */,
				4D25C7B71CDA69B10003CB70 /* PracticeController.swift */,
				4D25C7B91CDA69BD0003CB70 /* PracticeCell.swift */,
				60B8EB8E1CDAAB170051E413 /* ResultsViewController.swift */,
			);
			path = project;
			sourceTree = "<group>";
		};
		D361E4910761521563334E8B /* Pods */ = {
			isa = PBXGroup;
			children = (
				F16AB7B269D86BADB20045F4 /* Pods.debug.xcconfig */,
				C7049D56429E1F442D2BBFC3 /* Pods.release.xcconfig */,
			);
			name = Pods;
			sourceTree = "<group>";
		};
		F9D964DA4583EAA0241168BB /* Frameworks */ = {
			isa = PBXGroup;
			children = (
				9F7C43203D6F0E2F2ED33842 /* Pods.framework */,
			);
			name = Frameworks;
			sourceTree = "<group>";
		};
/* End PBXGroup section */

/* Begin PBXNativeTarget section */
		B5B17F401C8CE15100DAF08B /* project */ = {
			isa = PBXNativeTarget;
			buildConfigurationList = B5B17F561C8CE15100DAF08B /* Build configuration list for PBXNativeTarget "project" */;
			buildPhases = (
				D9A93F9D19E699328C75D179 /* Check Pods Manifest.lock */,
				B5B17F3D1C8CE15100DAF08B /* Sources */,
				B5B17F3E1C8CE15100DAF08B /* Frameworks */,
				B5B17F3F1C8CE15100DAF08B /* Resources */,
				C5EF343806D2495344D7F76B /* Embed Pods Frameworks */,
				DEADFC0CD41EF3B62F061E1D /* Copy Pods Resources */,
			);
			buildRules = (
			);
			dependencies = (
			);
			name = project;
			productName = project;
			productReference = B5B17F411C8CE15100DAF08B /* project.app */;
			productType = "com.apple.product-type.application";
		};
/* End PBXNativeTarget section */

/* Begin PBXProject section */
		B5B17F391C8CE15100DAF08B /* Project object */ = {
			isa = PBXProject;
			attributes = {
				LastSwiftUpdateCheck = 0720;
				LastUpgradeCheck = 0720;
				ORGANIZATIONNAME = cs378;
				TargetAttributes = {
					B5B17F401C8CE15100DAF08B = {
						CreatedOnToolsVersion = 7.2.1;
						DevelopmentTeam = D6XGWUM72S;
					};
				};
			};
			buildConfigurationList = B5B17F3C1C8CE15100DAF08B /* Build configuration list for PBXProject "project" */;
			compatibilityVersion = "Xcode 3.2";
			developmentRegion = English;
			hasScannedForEncodings = 0;
			knownRegions = (
				en,
				Base,
			);
			mainGroup = B5B17F381C8CE15100DAF08B;
			productRefGroup = B5B17F421C8CE15100DAF08B /* Products */;
			projectDirPath = "";
			projectRoot = "";
			targets = (
				B5B17F401C8CE15100DAF08B /* project */,
			);
		};
/* End PBXProject section */

/* Begin PBXResourcesBuildPhase section */
		B5B17F3F1C8CE15100DAF08B /* Resources */ = {
			isa = PBXResourcesBuildPhase;
			buildActionMask = 2147483647;
			files = (
				072DB80D1CDBE2C700023DC4 /* x.png in Resources */,
				072DB8141CDC15A900023DC4 /* iTunesArtwork.png in Resources */,
				071DEC011CDA472D00B49791 /* pioc-11.png in Resources */,
				07A82E171CA377DD00D2804B /* pic-04.png in Resources */,
				071DEC001CDA472D00B49791 /* black.png in Resources */,
				071DEC0D1CDA52DB00B49791 /* add_blk.png in Resources */,
				071DEC091CDA51DE00B49791 /* pattern-16.png in Resources */,
				071DEC021CDA472D00B49791 /* red.png in Resources */,
				072DB80C1CDBE2C700023DC4 /* check.png in Resources */,
				B5B17F521C8CE15100DAF08B /* LaunchScreen.storyboard in Resources */,
				077D994D1CA3694E0052A853 /* turtle.jpg in Resources */,
				B5B17F4F1C8CE15100DAF08B /* Assets.xcassets in Resources */,
				072DB8171CDC15EC00023DC4 /* icon.png in Resources */,
				071DEC031CDA472D00B49791 /* green.png in Resources */,
				072DB8151CDC15A900023DC4 /* iTunesArtwork@2x.png in Resources */,
				071DEC071CDA50CA00B49791 /* draw.png in Resources */,
				B5B17F4A1C8CE15100DAF08B /* Main.storyboard in Resources */,
				071DEBFF1CDA472D00B49791 /* blue.png in Resources */,
				071DEC0C1CDA52DB00B49791 /* add.png in Resources */,
			);
			runOnlyForDeploymentPostprocessing = 0;
		};
/* End PBXResourcesBuildPhase section */

/* Begin PBXShellScriptBuildPhase section */
		C5EF343806D2495344D7F76B /* Embed Pods Frameworks */ = {
			isa = PBXShellScriptBuildPhase;
			buildActionMask = 2147483647;
			files = (
			);
			inputPaths = (
			);
			name = "Embed Pods Frameworks";
			outputPaths = (
			);
			runOnlyForDeploymentPostprocessing = 0;
			shellPath = /bin/sh;
			shellScript = "\"${SRCROOT}/Pods/Target Support Files/Pods/Pods-frameworks.sh\"\n";
			showEnvVarsInLog = 0;
		};
		D9A93F9D19E699328C75D179 /* Check Pods Manifest.lock */ = {
			isa = PBXShellScriptBuildPhase;
			buildActionMask = 2147483647;
			files = (
			);
			inputPaths = (
			);
			name = "Check Pods Manifest.lock";
			outputPaths = (
			);
			runOnlyForDeploymentPostprocessing = 0;
			shellPath = /bin/sh;
			shellScript = "diff \"${PODS_ROOT}/../Podfile.lock\" \"${PODS_ROOT}/Manifest.lock\" > /dev/null\nif [[ $? != 0 ]] ; then\n    cat << EOM\nerror: The sandbox is not in sync with the Podfile.lock. Run 'pod install' or update your CocoaPods installation.\nEOM\n    exit 1\nfi\n";
			showEnvVarsInLog = 0;
		};
		DEADFC0CD41EF3B62F061E1D /* Copy Pods Resources */ = {
			isa = PBXShellScriptBuildPhase;
			buildActionMask = 2147483647;
			files = (
			);
			inputPaths = (
			);
			name = "Copy Pods Resources";
			outputPaths = (
			);
			runOnlyForDeploymentPostprocessing = 0;
			shellPath = /bin/sh;
			shellScript = "\"${SRCROOT}/Pods/Target Support Files/Pods/Pods-resources.sh\"\n";
			showEnvVarsInLog = 0;
		};
/* End PBXShellScriptBuildPhase section */

/* Begin PBXSourcesBuildPhase section */
		B5B17F3D1C8CE15100DAF08B /* Sources */ = {
			isa = PBXSourcesBuildPhase;
			buildActionMask = 2147483647;
			files = (
				07B624DA1CD83CC3006AD3B9 /* DrawViewController.swift in Sources */,
				076A40701CC6BD1E00BF936B /* SetTableViewCell.swift in Sources */,
				B5B17F5C1C8CE44C00DAF08B /* CreateAccountViewController.swift in Sources */,
				B5B17F471C8CE15100DAF08B /* ViewController.swift in Sources */,
				070F4FBC1CA10081004F77C1 /* DataModel.swift in Sources */,
				070F4FB01CA0E411004F77C1 /* MySetsTableViewController.swift in Sources */,
				6050C2B01CD9DBEE0076BA36 /* TestCollectionViewCell.swift in Sources */,
				B5B17F4D1C8CE15100DAF08B /* project.xcdatamodeld in Sources */,
				070F4FC01CA10BB5004F77C1 /* SetTableViewController.swift in Sources */,
				07D7D91E1CADA31400C2FF13 /* NewSetTableViewController.swift in Sources */,
				07B8E8141CB4275E00ACEC65 /* ReviewCollectionViewCell.swift in Sources */,
				6068AF9E1CA358E800BD1631 /* ProfileViewController.swift in Sources */,
				60B8EB8D1CDAA3160051E413 /* TestDrawViewController.swift in Sources */,
				070F4FB61CA0FBC7004F77C1 /* User.swift in Sources */,
				07A82E151CA36F3B00D2804B /* NavigationViewController.swift in Sources */,
				07B624DE1CD97949006AD3B9 /* EditImageViewController.swift in Sources */,
				B5B17F451C8CE15100DAF08B /* AppDelegate.swift in Sources */,
				4D25C7B81CDA69B10003CB70 /* PracticeController.swift in Sources */,
				6068AF9C1CA355FF00BD1631 /* SettingsViewController.swift in Sources */,
				070F4FBA1CA0FD0D004F77C1 /* Card.swift in Sources */,
				07B8E8121CB41F7F00ACEC65 /* ReviewSetCollectionViewController.swift in Sources */,
				07B8E8181CB5920400ACEC65 /* NewSetTableViewCell.swift in Sources */,
				B5B17F5A1C8CE43C00DAF08B /* HomeViewController.swift in Sources */,
				60B8EB8F1CDAAB170051E413 /* ResultsViewController.swift in Sources */,
				070F4FC21CA10E50004F77C1 /* EditSetTableViewController.swift in Sources */,
				6050C2B21CD9DC0A0076BA36 /* TestSetCollectionViewController.swift in Sources */,
				4D25C7BA1CDA69BD0003CB70 /* PracticeCell.swift in Sources */,
				072DB80F1CDBF80D00023DC4 /* NewDrawViewController.swift in Sources */,
				07D7D91C1CAA064700C2FF13 /* EditSetTableViewCell.swift in Sources */,
				4D25C7BC1CDA8EA70003CB70 /* PracticeDrawViewController.swift in Sources */,
				070F4FB81CA0FC98004F77C1 /* CardSet.swift in Sources */,
			);
			runOnlyForDeploymentPostprocessing = 0;
		};
/* End PBXSourcesBuildPhase section */

/* Begin PBXVariantGroup section */
		B5B17F481C8CE15100DAF08B /* Main.storyboard */ = {
			isa = PBXVariantGroup;
			children = (
				B5B17F491C8CE15100DAF08B /* Base */,
			);
			name = Main.storyboard;
			sourceTree = "<group>";
		};
		B5B17F501C8CE15100DAF08B /* LaunchScreen.storyboard */ = {
			isa = PBXVariantGroup;
			children = (
				B5B17F511C8CE15100DAF08B /* Base */,
			);
			name = LaunchScreen.storyboard;
			sourceTree = "<group>";
		};
/* End PBXVariantGroup section */

/* Begin XCBuildConfiguration section */
		B5B17F541C8CE15100DAF08B /* Debug */ = {
			isa = XCBuildConfiguration;
			buildSettings = {
				ALWAYS_SEARCH_USER_PATHS = NO;
				CLANG_CXX_LANGUAGE_STANDARD = "gnu++0x";
				CLANG_CXX_LIBRARY = "libc++";
				CLANG_ENABLE_MODULES = YES;
				CLANG_ENABLE_OBJC_ARC = YES;
				CLANG_WARN_BOOL_CONVERSION = YES;
				CLANG_WARN_CONSTANT_CONVERSION = YES;
				CLANG_WARN_DIRECT_OBJC_ISA_USAGE = YES_ERROR;
				CLANG_WARN_EMPTY_BODY = YES;
				CLANG_WARN_ENUM_CONVERSION = YES;
				CLANG_WARN_INT_CONVERSION = YES;
				CLANG_WARN_OBJC_ROOT_CLASS = YES_ERROR;
				CLANG_WARN_UNREACHABLE_CODE = YES;
				CLANG_WARN__DUPLICATE_METHOD_MATCH = YES;
				"CODE_SIGN_IDENTITY[sdk=iphoneos*]" = "iPhone Developer";
				COPY_PHASE_STRIP = NO;
				DEBUG_INFORMATION_FORMAT = dwarf;
				ENABLE_STRICT_OBJC_MSGSEND = YES;
				ENABLE_TESTABILITY = YES;
				GCC_C_LANGUAGE_STANDARD = gnu99;
				GCC_DYNAMIC_NO_PIC = NO;
				GCC_NO_COMMON_BLOCKS = YES;
				GCC_OPTIMIZATION_LEVEL = 0;
				GCC_PREPROCESSOR_DEFINITIONS = (
					"DEBUG=1",
					"$(inherited)",
				);
				GCC_WARN_64_TO_32_BIT_CONVERSION = YES;
				GCC_WARN_ABOUT_RETURN_TYPE = YES_ERROR;
				GCC_WARN_UNDECLARED_SELECTOR = YES;
				GCC_WARN_UNINITIALIZED_AUTOS = YES_AGGRESSIVE;
				GCC_WARN_UNUSED_FUNCTION = YES;
				GCC_WARN_UNUSED_VARIABLE = YES;
				IPHONEOS_DEPLOYMENT_TARGET = 9.2;
				MTL_ENABLE_DEBUG_INFO = YES;
				ONLY_ACTIVE_ARCH = YES;
				SDKROOT = iphoneos;
				SWIFT_OPTIMIZATION_LEVEL = "-Onone";
				TARGETED_DEVICE_FAMILY = "1,2";
			};
			name = Debug;
		};
		B5B17F551C8CE15100DAF08B /* Release */ = {
			isa = XCBuildConfiguration;
			buildSettings = {
				ALWAYS_SEARCH_USER_PATHS = NO;
				CLANG_CXX_LANGUAGE_STANDARD = "gnu++0x";
				CLANG_CXX_LIBRARY = "libc++";
				CLANG_ENABLE_MODULES = YES;
				CLANG_ENABLE_OBJC_ARC = YES;
				CLANG_WARN_BOOL_CONVERSION = YES;
				CLANG_WARN_CONSTANT_CONVERSION = YES;
				CLANG_WARN_DIRECT_OBJC_ISA_USAGE = YES_ERROR;
				CLANG_WARN_EMPTY_BODY = YES;
				CLANG_WARN_ENUM_CONVERSION = YES;
				CLANG_WARN_INT_CONVERSION = YES;
				CLANG_WARN_OBJC_ROOT_CLASS = YES_ERROR;
				CLANG_WARN_UNREACHABLE_CODE = YES;
				CLANG_WARN__DUPLICATE_METHOD_MATCH = YES;
				"CODE_SIGN_IDENTITY[sdk=iphoneos*]" = "iPhone Developer";
				COPY_PHASE_STRIP = NO;
				DEBUG_INFORMATION_FORMAT = "dwarf-with-dsym";
				ENABLE_NS_ASSERTIONS = NO;
				ENABLE_STRICT_OBJC_MSGSEND = YES;
				GCC_C_LANGUAGE_STANDARD = gnu99;
				GCC_NO_COMMON_BLOCKS = YES;
				GCC_WARN_64_TO_32_BIT_CONVERSION = YES;
				GCC_WARN_ABOUT_RETURN_TYPE = YES_ERROR;
				GCC_WARN_UNDECLARED_SELECTOR = YES;
				GCC_WARN_UNINITIALIZED_AUTOS = YES_AGGRESSIVE;
				GCC_WARN_UNUSED_FUNCTION = YES;
				GCC_WARN_UNUSED_VARIABLE = YES;
				IPHONEOS_DEPLOYMENT_TARGET = 9.2;
				MTL_ENABLE_DEBUG_INFO = NO;
				SDKROOT = iphoneos;
				TARGETED_DEVICE_FAMILY = "1,2";
				VALIDATE_PRODUCT = YES;
			};
			name = Release;
		};
		B5B17F571C8CE15100DAF08B /* Debug */ = {
			isa = XCBuildConfiguration;
			baseConfigurationReference = F16AB7B269D86BADB20045F4 /* Pods.debug.xcconfig */;
			buildSettings = {
				ASSETCATALOG_COMPILER_APPICON_NAME = AppIcon;
				CODE_SIGN_IDENTITY = "iPhone Developer";
				"CODE_SIGN_IDENTITY[sdk=iphoneos*]" = "iPhone Developer";
				INFOPLIST_FILE = project/Info.plist;
				LD_RUNPATH_SEARCH_PATHS = "$(inherited) @executable_path/Frameworks";
				PRODUCT_BUNDLE_IDENTIFIER = com.cs378.project;
				PRODUCT_NAME = "$(TARGET_NAME)";
				PROVISIONING_PROFILE = "";
			};
			name = Debug;
		};
		B5B17F581C8CE15100DAF08B /* Release */ = {
			isa = XCBuildConfiguration;
			baseConfigurationReference = C7049D56429E1F442D2BBFC3 /* Pods.release.xcconfig */;
			buildSettings = {
				ASSETCATALOG_COMPILER_APPICON_NAME = AppIcon;
				CODE_SIGN_IDENTITY = "iPhone Developer";
				"CODE_SIGN_IDENTITY[sdk=iphoneos*]" = "iPhone Developer";
				INFOPLIST_FILE = project/Info.plist;
				LD_RUNPATH_SEARCH_PATHS = "$(inherited) @executable_path/Frameworks";
				PRODUCT_BUNDLE_IDENTIFIER = com.cs378.project;
				PRODUCT_NAME = "$(TARGET_NAME)";
				PROVISIONING_PROFILE = "";
			};
			name = Release;
		};
/* End XCBuildConfiguration section */

/* Begin XCConfigurationList section */
		B5B17F3C1C8CE15100DAF08B /* Build configuration list for PBXProject "project" */ = {
			isa = XCConfigurationList;
			buildConfigurations = (
				B5B17F541C8CE15100DAF08B /* Debug */,
				B5B17F551C8CE15100DAF08B /* Release */,
			);
			defaultConfigurationIsVisible = 0;
			defaultConfigurationName = Release;
		};
		B5B17F561C8CE15100DAF08B /* Build configuration list for PBXNativeTarget "project" */ = {
			isa = XCConfigurationList;
			buildConfigurations = (
				B5B17F571C8CE15100DAF08B /* Debug */,
				B5B17F581C8CE15100DAF08B /* Release */,
			);
			defaultConfigurationIsVisible = 0;
			defaultConfigurationName = Release;
		};
/* End XCConfigurationList section */

/* Begin XCVersionGroup section */
		B5B17F4B1C8CE15100DAF08B /* project.xcdatamodeld */ = {
			isa = XCVersionGroup;
			children = (
				B5B17F4C1C8CE15100DAF08B /* project.xcdatamodel */,
			);
			currentVersion = B5B17F4C1C8CE15100DAF08B /* project.xcdatamodel */;
			path = project.xcdatamodeld;
			sourceTree = "<group>";
			versionGroupType = wrapper.xcdatamodel;
		};
/* End XCVersionGroup section */
	};
	rootObject = B5B17F391C8CE15100DAF08B /* Project object */;
}
